<Solution>
  <Folder Name="/src/">
    <Project Path="src/Atlas.AppHost/Atlas.AppHost.csproj" />
    <Project Path="src/Atlas.Host/Atlas.Host.csproj" />
    <Project Path="src/Atlas.Host.Tests/Atlas.Host.Tests.csproj" />
    <Project Path="src/SampleApi.NotToolEnabled/SampleApi.NotToolEnabled.csproj" />
    <Project Path="src/SampleApi.ToolEnabled/SampleApi.ToolEnabled.csproj" />
  </Folder>
</Solution>
