<Solution>
  <Folder Name="/src/">
    <Project Path="src/Atlas.Host/Atlas.Host.csproj" />
    <Project Path="src/Atlas.StubIdp/Atlas.StubIdp.csproj" />
    <Project Path="src/SampleApi.NotToolEnabled/SampleApi.NotToolEnabled.csproj" />
    <Project Path="src/SampleApi.ToolEnabled/SampleApi.ToolEnabled.csproj" />
  </Folder>
</Solution>
